// !$*UTF8*$!
{
	archiveVersion = 1;
	classes = {
	};
	objectVersion = 52;
	objects = {

/* Begin PBXBuildFile section */
		C712363623CF6A24009444FC /* AppDelegate.swift in Sources */ = {isa = PBXBuildFile; fileRef = C712363523CF6A24009444FC /* AppDelegate.swift */; };
		C712363823CF6A24009444FC /* SceneDelegate.swift in Sources */ = {isa = PBXBuildFile; fileRef = C712363723CF6A24009444FC /* SceneDelegate.swift */; };
		C712363A23CF6A24009444FC /* ViewController.swift in Sources */ = {isa = PBXBuildFile; fileRef = C712363923CF6A24009444FC /* ViewController.swift */; };
		C712363D23CF6A24009444FC /* Main.storyboard in Resources */ = {isa = PBXBuildFile; fileRef = C712363B23CF6A24009444FC /* Main.storyboard */; };
		C712363F23CF6A28009444FC /* Assets.xcassets in Resources */ = {isa = PBXBuildFile; fileRef = C712363E23CF6A28009444FC /* Assets.xcassets */; };
		C712364223CF6A28009444FC /* LaunchScreen.storyboard in Resources */ = {isa = PBXBuildFile; fileRef = C712364023CF6A28009444FC /* LaunchScreen.storyboard */; };
		C712364D23CF6A28009444FC /* TicTackyToeTests.swift in Sources */ = {isa = PBXBuildFile; fileRef = C712364C23CF6A28009444FC /* TicTackyToeTests.swift */; };
		C712365823CF6A28009444FC /* TicTackyToeUITests.swift in Sources */ = {isa = PBXBuildFile; fileRef = C712365723CF6A28009444FC /* TicTackyToeUITests.swift */; };
		C712366623CF6A7B009444FC /* TTTBrain.swift in Sources */ = {isa = PBXBuildFile; fileRef = C712366523CF6A7B009444FC /* TTTBrain.swift */; };
		C712366823CF6B71009444FC /* Customizables.swift in Sources */ = {isa = PBXBuildFile; fileRef = C712366723CF6B71009444FC /* Customizables.swift */; };
		C712366A23CF6BA9009444FC /* LexendDeca-Regular.ttf in Resources */ = {isa = PBXBuildFile; fileRef = C712366923CF6BA9009444FC /* LexendDeca-Regular.ttf */; };
		C728A1B723E4B1380037F18D /* SC2.png in Resources */ = {isa = PBXBuildFile; fileRef = C728A1B523E4B1380037F18D /* SC2.png */; };
		C728A1B823E4B1380037F18D /* SC1.png in Resources */ = {isa = PBXBuildFile; fileRef = C728A1B623E4B1380037F18D /* SC1.png */; };
		C73CE926246FCF45000D0B56 /* Interface.storyboard in Resources */ = {isa = PBXBuildFile; fileRef = C73CE924246FCF45000D0B56 /* Interface.storyboard */; };
		C73CE928246FCF4C000D0B56 /* Assets.xcassets in Resources */ = {isa = PBXBuildFile; fileRef = C73CE927246FCF4C000D0B56 /* Assets.xcassets */; };
		C73CE92F246FCF4C000D0B56 /* WatchApp.appex in Embed App Extensions */ = {isa = PBXBuildFile; fileRef = C73CE92E246FCF4C000D0B56 /* WatchApp.appex */; settings = {ATTRIBUTES = (RemoveHeadersOnCopy, ); }; };
		C73CE934246FCF4C000D0B56 /* InterfaceController.swift in Sources */ = {isa = PBXBuildFile; fileRef = C73CE933246FCF4C000D0B56 /* InterfaceController.swift */; };
		C73CE936246FCF4D000D0B56 /* ExtensionDelegate.swift in Sources */ = {isa = PBXBuildFile; fileRef = C73CE935246FCF4C000D0B56 /* ExtensionDelegate.swift */; };
		C73CE938246FCF4F000D0B56 /* Assets.xcassets in Resources */ = {isa = PBXBuildFile; fileRef = C73CE937246FCF4F000D0B56 /* Assets.xcassets */; };
		C73CE93C246FCF4F000D0B56 /* WatchApp.app in Embed Watch Content */ = {isa = PBXBuildFile; fileRef = C73CE922246FCF45000D0B56 /* WatchApp.app */; platformFilter = ios; settings = {ATTRIBUTES = (RemoveHeadersOnCopy, ); }; };
		C73CE946246FDA26000D0B56 /* TTTBrain.swift in Sources */ = {isa = PBXBuildFile; fileRef = C73CE945246FDA26000D0B56 /* TTTBrain.swift */; };
		C73CE948246FECC1000D0B56 /* LexendDeca-Regular.ttf in Resources */ = {isa = PBXBuildFile; fileRef = C73CE947246FECC1000D0B56 /* LexendDeca-Regular.ttf */; };
		C73CE949246FECC1000D0B56 /* LexendDeca-Regular.ttf in Resources */ = {isa = PBXBuildFile; fileRef = C73CE947246FECC1000D0B56 /* LexendDeca-Regular.ttf */; };
		C758493C244531F1007F3A22 /* UIButtonExtension.swift in Sources */ = {isa = PBXBuildFile; fileRef = C758493B244531F1007F3A22 /* UIButtonExtension.swift */; };
/* End PBXBuildFile section */

/* Begin PBXContainerItemProxy section */
		C712364923CF6A28009444FC /* PBXContainerItemProxy */ = {
			isa = PBXContainerItemProxy;
			containerPortal = C712362A23CF6A24009444FC /* Project object */;
			proxyType = 1;
			remoteGlobalIDString = C712363123CF6A24009444FC;
			remoteInfo = TicTackyToe;
		};
		C712365423CF6A28009444FC /* PBXContainerItemProxy */ = {
			isa = PBXContainerItemProxy;
			containerPortal = C712362A23CF6A24009444FC /* Project object */;
			proxyType = 1;
			remoteGlobalIDString = C712363123CF6A24009444FC;
			remoteInfo = TicTackyToe;
		};
		C73CE930246FCF4C000D0B56 /* PBXContainerItemProxy */ = {
			isa = PBXContainerItemProxy;
			containerPortal = C712362A23CF6A24009444FC /* Project object */;
			proxyType = 1;
			remoteGlobalIDString = C73CE92D246FCF4C000D0B56;
			remoteInfo = "WatchApp Extension";
		};
		C73CE93A246FCF4F000D0B56 /* PBXContainerItemProxy */ = {
			isa = PBXContainerItemProxy;
			containerPortal = C712362A23CF6A24009444FC /* Project object */;
			proxyType = 1;
			remoteGlobalIDString = C73CE921246FCF45000D0B56;
			remoteInfo = WatchApp;
		};
/* End PBXContainerItemProxy section */

/* Begin PBXCopyFilesBuildPhase section */
		C73CE93D246FCF4F000D0B56 /* Embed Watch Content */ = {
			isa = PBXCopyFilesBuildPhase;
			buildActionMask = 2147483647;
			dstPath = "$(CONTENTS_FOLDER_PATH)/Watch";
			dstSubfolderSpec = 16;
			files = (
				C73CE93C246FCF4F000D0B56 /* WatchApp.app in Embed Watch Content */,
			);
			name = "Embed Watch Content";
			runOnlyForDeploymentPostprocessing = 0;
		};
		C73CE940246FCF4F000D0B56 /* Embed App Extensions */ = {
			isa = PBXCopyFilesBuildPhase;
			buildActionMask = 2147483647;
			dstPath = "";
			dstSubfolderSpec = 13;
			files = (
				C73CE92F246FCF4C000D0B56 /* WatchApp.appex in Embed App Extensions */,
			);
			name = "Embed App Extensions";
			runOnlyForDeploymentPostprocessing = 0;
		};
/* End PBXCopyFilesBuildPhase section */

/* Begin PBXFileReference section */
		C712363223CF6A24009444FC /* TicTackyToe.app */ = {isa = PBXFileReference; explicitFileType = wrapper.application; includeInIndex = 0; path = TicTackyToe.app; sourceTree = BUILT_PRODUCTS_DIR; };
		C712363523CF6A24009444FC /* AppDelegate.swift */ = {isa = PBXFileReference; lastKnownFileType = sourcecode.swift; path = AppDelegate.swift; sourceTree = "<group>"; };
		C712363723CF6A24009444FC /* SceneDelegate.swift */ = {isa = PBXFileReference; lastKnownFileType = sourcecode.swift; path = SceneDelegate.swift; sourceTree = "<group>"; };
		C712363923CF6A24009444FC /* ViewController.swift */ = {isa = PBXFileReference; lastKnownFileType = sourcecode.swift; path = ViewController.swift; sourceTree = "<group>"; };
		C712363C23CF6A24009444FC /* Base */ = {isa = PBXFileReference; lastKnownFileType = file.storyboard; name = Base; path = Base.lproj/Main.storyboard; sourceTree = "<group>"; };
		C712363E23CF6A28009444FC /* Assets.xcassets */ = {isa = PBXFileReference; lastKnownFileType = folder.assetcatalog; path = Assets.xcassets; sourceTree = "<group>"; };
		C712364123CF6A28009444FC /* Base */ = {isa = PBXFileReference; lastKnownFileType = file.storyboard; name = Base; path = Base.lproj/LaunchScreen.storyboard; sourceTree = "<group>"; };
		C712364323CF6A28009444FC /* Info.plist */ = {isa = PBXFileReference; lastKnownFileType = text.plist.xml; path = Info.plist; sourceTree = "<group>"; };
		C712364823CF6A28009444FC /* TicTackyToeTests.xctest */ = {isa = PBXFileReference; explicitFileType = wrapper.cfbundle; includeInIndex = 0; path = TicTackyToeTests.xctest; sourceTree = BUILT_PRODUCTS_DIR; };
		C712364C23CF6A28009444FC /* TicTackyToeTests.swift */ = {isa = PBXFileReference; lastKnownFileType = sourcecode.swift; path = TicTackyToeTests.swift; sourceTree = "<group>"; };
		C712364E23CF6A28009444FC /* Info.plist */ = {isa = PBXFileReference; lastKnownFileType = text.plist.xml; path = Info.plist; sourceTree = "<group>"; };
		C712365323CF6A28009444FC /* TicTackyToeUITests.xctest */ = {isa = PBXFileReference; explicitFileType = wrapper.cfbundle; includeInIndex = 0; path = TicTackyToeUITests.xctest; sourceTree = BUILT_PRODUCTS_DIR; };
		C712365723CF6A28009444FC /* TicTackyToeUITests.swift */ = {isa = PBXFileReference; lastKnownFileType = sourcecode.swift; path = TicTackyToeUITests.swift; sourceTree = "<group>"; };
		C712365923CF6A28009444FC /* Info.plist */ = {isa = PBXFileReference; lastKnownFileType = text.plist.xml; path = Info.plist; sourceTree = "<group>"; };
		C712366523CF6A7B009444FC /* TTTBrain.swift */ = {isa = PBXFileReference; fileEncoding = 4; lastKnownFileType = sourcecode.swift; path = TTTBrain.swift; sourceTree = "<group>"; };
		C712366723CF6B71009444FC /* Customizables.swift */ = {isa = PBXFileReference; fileEncoding = 4; lastKnownFileType = sourcecode.swift; path = Customizables.swift; sourceTree = "<group>"; };
		C712366923CF6BA9009444FC /* LexendDeca-Regular.ttf */ = {isa = PBXFileReference; lastKnownFileType = file; path = "LexendDeca-Regular.ttf"; sourceTree = "<group>"; };
		C728A1B523E4B1380037F18D /* SC2.png */ = {isa = PBXFileReference; lastKnownFileType = image.png; path = SC2.png; sourceTree = "<group>"; };
		C728A1B623E4B1380037F18D /* SC1.png */ = {isa = PBXFileReference; lastKnownFileType = image.png; path = SC1.png; sourceTree = "<group>"; };
		C73CE922246FCF45000D0B56 /* WatchApp.app */ = {isa = PBXFileReference; explicitFileType = wrapper.application; includeInIndex = 0; path = WatchApp.app; sourceTree = BUILT_PRODUCTS_DIR; };
		C73CE925246FCF45000D0B56 /* Base */ = {isa = PBXFileReference; lastKnownFileType = file.storyboard; name = Base; path = Base.lproj/Interface.storyboard; sourceTree = "<group>"; };
		C73CE927246FCF4C000D0B56 /* Assets.xcassets */ = {isa = PBXFileReference; lastKnownFileType = folder.assetcatalog; path = Assets.xcassets; sourceTree = "<group>"; };
		C73CE929246FCF4C000D0B56 /* Info.plist */ = {isa = PBXFileReference; lastKnownFileType = text.plist.xml; path = Info.plist; sourceTree = "<group>"; };
		C73CE92E246FCF4C000D0B56 /* WatchApp.appex */ = {isa = PBXFileReference; explicitFileType = "wrapper.app-extension"; includeInIndex = 0; path = WatchApp.appex; sourceTree = BUILT_PRODUCTS_DIR; };
		C73CE933246FCF4C000D0B56 /* InterfaceController.swift */ = {isa = PBXFileReference; lastKnownFileType = sourcecode.swift; path = InterfaceController.swift; sourceTree = "<group>"; };
		C73CE935246FCF4C000D0B56 /* ExtensionDelegate.swift */ = {isa = PBXFileReference; lastKnownFileType = sourcecode.swift; path = ExtensionDelegate.swift; sourceTree = "<group>"; };
		C73CE937246FCF4F000D0B56 /* Assets.xcassets */ = {isa = PBXFileReference; lastKnownFileType = folder.assetcatalog; path = Assets.xcassets; sourceTree = "<group>"; };
		C73CE939246FCF4F000D0B56 /* Info.plist */ = {isa = PBXFileReference; lastKnownFileType = text.plist.xml; path = Info.plist; sourceTree = "<group>"; };
		C73CE945246FDA26000D0B56 /* TTTBrain.swift */ = {isa = PBXFileReference; lastKnownFileType = sourcecode.swift; path = TTTBrain.swift; sourceTree = "<group>"; };
		C73CE947246FECC1000D0B56 /* LexendDeca-Regular.ttf */ = {isa = PBXFileReference; lastKnownFileType = file; path = "LexendDeca-Regular.ttf"; sourceTree = "<group>"; };
		C7457E18246FB05B005F6672 /* TicTackyToe.entitlements */ = {isa = PBXFileReference; lastKnownFileType = text.plist.entitlements; path = TicTackyToe.entitlements; sourceTree = "<group>"; };
		C758493B244531F1007F3A22 /* UIButtonExtension.swift */ = {isa = PBXFileReference; lastKnownFileType = sourcecode.swift; path = UIButtonExtension.swift; sourceTree = "<group>"; };
/* End PBXFileReference section */

/* Begin PBXFrameworksBuildPhase section */
		C712362F23CF6A24009444FC /* Frameworks */ = {
			isa = PBXFrameworksBuildPhase;
			buildActionMask = 2147483647;
			files = (
			);
			runOnlyForDeploymentPostprocessing = 0;
		};
		C712364523CF6A28009444FC /* Frameworks */ = {
			isa = PBXFrameworksBuildPhase;
			buildActionMask = 2147483647;
			files = (
			);
			runOnlyForDeploymentPostprocessing = 0;
		};
		C712365023CF6A28009444FC /* Frameworks */ = {
			isa = PBXFrameworksBuildPhase;
			buildActionMask = 2147483647;
			files = (
			);
			runOnlyForDeploymentPostprocessing = 0;
		};
		C73CE92B246FCF4C000D0B56 /* Frameworks */ = {
			isa = PBXFrameworksBuildPhase;
			buildActionMask = 2147483647;
			files = (
			);
			runOnlyForDeploymentPostprocessing = 0;
		};
/* End PBXFrameworksBuildPhase section */

/* Begin PBXGroup section */
		C712362923CF6A24009444FC = {
			isa = PBXGroup;
			children = (
				C728A1B423E4B09F0037F18D /* Images */,
				C712363423CF6A24009444FC /* TicTackyToe */,
				C712364B23CF6A28009444FC /* TicTackyToeTests */,
				C712365623CF6A28009444FC /* TicTackyToeUITests */,
				C73CE923246FCF45000D0B56 /* WatchApp */,
				C73CE932246FCF4C000D0B56 /* WatchApp Extension */,
				C712363323CF6A24009444FC /* Products */,
			);
			sourceTree = "<group>";
		};
		C712363323CF6A24009444FC /* Products */ = {
			isa = PBXGroup;
			children = (
				C712363223CF6A24009444FC /* TicTackyToe.app */,
				C712364823CF6A28009444FC /* TicTackyToeTests.xctest */,
				C712365323CF6A28009444FC /* TicTackyToeUITests.xctest */,
				C73CE922246FCF45000D0B56 /* WatchApp.app */,
				C73CE92E246FCF4C000D0B56 /* WatchApp.appex */,
			);
			name = Products;
			sourceTree = "<group>";
		};
		C712363423CF6A24009444FC /* TicTackyToe */ = {
			isa = PBXGroup;
			children = (
				C7457E18246FB05B005F6672 /* TicTackyToe.entitlements */,
				C712363523CF6A24009444FC /* AppDelegate.swift */,
				C712363723CF6A24009444FC /* SceneDelegate.swift */,
				C758493B244531F1007F3A22 /* UIButtonExtension.swift */,
				C712363923CF6A24009444FC /* ViewController.swift */,
				C712363B23CF6A24009444FC /* Main.storyboard */,
				C712366723CF6B71009444FC /* Customizables.swift */,
				C712366923CF6BA9009444FC /* LexendDeca-Regular.ttf */,
				C712366523CF6A7B009444FC /* TTTBrain.swift */,
				C712363E23CF6A28009444FC /* Assets.xcassets */,
				C712364023CF6A28009444FC /* LaunchScreen.storyboard */,
				C712364323CF6A28009444FC /* Info.plist */,
			);
			path = TicTackyToe;
			sourceTree = "<group>";
		};
		C712364B23CF6A28009444FC /* TicTackyToeTests */ = {
			isa = PBXGroup;
			children = (
				C712364C23CF6A28009444FC /* TicTackyToeTests.swift */,
				C712364E23CF6A28009444FC /* Info.plist */,
			);
			path = TicTackyToeTests;
			sourceTree = "<group>";
		};
		C712365623CF6A28009444FC /* TicTackyToeUITests */ = {
			isa = PBXGroup;
			children = (
				C712365723CF6A28009444FC /* TicTackyToeUITests.swift */,
				C712365923CF6A28009444FC /* Info.plist */,
			);
			path = TicTackyToeUITests;
			sourceTree = "<group>";
		};
		C728A1B423E4B09F0037F18D /* Images */ = {
			isa = PBXGroup;
			children = (
				C728A1B623E4B1380037F18D /* SC1.png */,
				C728A1B523E4B1380037F18D /* SC2.png */,
			);
			path = Images;
			sourceTree = "<group>";
		};
		C73CE923246FCF45000D0B56 /* WatchApp */ = {
			isa = PBXGroup;
			children = (
				C73CE947246FECC1000D0B56 /* LexendDeca-Regular.ttf */,
				C73CE924246FCF45000D0B56 /* Interface.storyboard */,
				C73CE927246FCF4C000D0B56 /* Assets.xcassets */,
				C73CE929246FCF4C000D0B56 /* Info.plist */,
			);
			path = WatchApp;
			sourceTree = "<group>";
		};
		C73CE932246FCF4C000D0B56 /* WatchApp Extension */ = {
			isa = PBXGroup;
			children = (
				C73CE933246FCF4C000D0B56 /* InterfaceController.swift */,
				C73CE935246FCF4C000D0B56 /* ExtensionDelegate.swift */,
				C73CE937246FCF4F000D0B56 /* Assets.xcassets */,
				C73CE939246FCF4F000D0B56 /* Info.plist */,
				C73CE945246FDA26000D0B56 /* TTTBrain.swift */,
			);
			path = "WatchApp Extension";
			sourceTree = "<group>";
		};
/* End PBXGroup section */

/* Begin PBXNativeTarget section */
		C712363123CF6A24009444FC /* TicTackyToe */ = {
			isa = PBXNativeTarget;
			buildConfigurationList = C712365C23CF6A28009444FC /* Build configuration list for PBXNativeTarget "TicTackyToe" */;
			buildPhases = (
				C712362E23CF6A24009444FC /* Sources */,
				C712362F23CF6A24009444FC /* Frameworks */,
				C712363023CF6A24009444FC /* Resources */,
				C73CE93D246FCF4F000D0B56 /* Embed Watch Content */,
			);
			buildRules = (
			);
			dependencies = (
				C73CE93B246FCF4F000D0B56 /* PBXTargetDependency */,
			);
			name = TicTackyToe;
			productName = TicTackyToe;
			productReference = C712363223CF6A24009444FC /* TicTackyToe.app */;
			productType = "com.apple.product-type.application";
		};
		C712364723CF6A28009444FC /* TicTackyToeTests */ = {
			isa = PBXNativeTarget;
			buildConfigurationList = C712365F23CF6A28009444FC /* Build configuration list for PBXNativeTarget "TicTackyToeTests" */;
			buildPhases = (
				C712364423CF6A28009444FC /* Sources */,
				C712364523CF6A28009444FC /* Frameworks */,
				C712364623CF6A28009444FC /* Resources */,
			);
			buildRules = (
			);
			dependencies = (
				C712364A23CF6A28009444FC /* PBXTargetDependency */,
			);
			name = TicTackyToeTests;
			productName = TicTackyToeTests;
			productReference = C712364823CF6A28009444FC /* TicTackyToeTests.xctest */;
			productType = "com.apple.product-type.bundle.unit-test";
		};
		C712365223CF6A28009444FC /* TicTackyToeUITests */ = {
			isa = PBXNativeTarget;
			buildConfigurationList = C712366223CF6A28009444FC /* Build configuration list for PBXNativeTarget "TicTackyToeUITests" */;
			buildPhases = (
				C712364F23CF6A28009444FC /* Sources */,
				C712365023CF6A28009444FC /* Frameworks */,
				C712365123CF6A28009444FC /* Resources */,
			);
			buildRules = (
			);
			dependencies = (
				C712365523CF6A28009444FC /* PBXTargetDependency */,
			);
			name = TicTackyToeUITests;
			productName = TicTackyToeUITests;
			productReference = C712365323CF6A28009444FC /* TicTackyToeUITests.xctest */;
			productType = "com.apple.product-type.bundle.ui-testing";
		};
		C73CE921246FCF45000D0B56 /* WatchApp */ = {
			isa = PBXNativeTarget;
			buildConfigurationList = C73CE944246FCF4F000D0B56 /* Build configuration list for PBXNativeTarget "WatchApp" */;
			buildPhases = (
				C73CE920246FCF45000D0B56 /* Resources */,
				C73CE940246FCF4F000D0B56 /* Embed App Extensions */,
			);
			buildRules = (
			);
			dependencies = (
				C73CE931246FCF4C000D0B56 /* PBXTargetDependency */,
			);
			name = WatchApp;
			productName = WatchApp;
			productReference = C73CE922246FCF45000D0B56 /* WatchApp.app */;
			productType = "com.apple.product-type.application.watchapp2";
		};
		C73CE92D246FCF4C000D0B56 /* WatchApp Extension */ = {
			isa = PBXNativeTarget;
			buildConfigurationList = C73CE943246FCF4F000D0B56 /* Build configuration list for PBXNativeTarget "WatchApp Extension" */;
			buildPhases = (
				C73CE92A246FCF4C000D0B56 /* Sources */,
				C73CE92B246FCF4C000D0B56 /* Frameworks */,
				C73CE92C246FCF4C000D0B56 /* Resources */,
			);
			buildRules = (
			);
			dependencies = (
			);
			name = "WatchApp Extension";
			productName = "WatchApp Extension";
			productReference = C73CE92E246FCF4C000D0B56 /* WatchApp.appex */;
			productType = "com.apple.product-type.watchkit2-extension";
		};
/* End PBXNativeTarget section */

/* Begin PBXProject section */
		C712362A23CF6A24009444FC /* Project object */ = {
			isa = PBXProject;
			attributes = {
				LastSwiftUpdateCheck = 1140;
				LastUpgradeCheck = 1120;
				ORGANIZATIONNAME = "AJ Radik";
				TargetAttributes = {
					C712363123CF6A24009444FC = {
						CreatedOnToolsVersion = 11.2;
					};
					C712364723CF6A28009444FC = {
						CreatedOnToolsVersion = 11.2;
						TestTargetID = C712363123CF6A24009444FC;
					};
					C712365223CF6A28009444FC = {
						CreatedOnToolsVersion = 11.2;
						TestTargetID = C712363123CF6A24009444FC;
					};
					C73CE921246FCF45000D0B56 = {
						CreatedOnToolsVersion = 11.4.1;
					};
					C73CE92D246FCF4C000D0B56 = {
						CreatedOnToolsVersion = 11.4.1;
					};
				};
			};
			buildConfigurationList = C712362D23CF6A24009444FC /* Build configuration list for PBXProject "TicTackyToe" */;
			compatibilityVersion = "Xcode 9.3";
			developmentRegion = en;
			hasScannedForEncodings = 0;
			knownRegions = (
				en,
				Base,
			);
			mainGroup = C712362923CF6A24009444FC;
			productRefGroup = C712363323CF6A24009444FC /* Products */;
			projectDirPath = "";
			projectRoot = "";
			targets = (
				C712363123CF6A24009444FC /* TicTackyToe */,
				C712364723CF6A28009444FC /* TicTackyToeTests */,
				C712365223CF6A28009444FC /* TicTackyToeUITests */,
				C73CE921246FCF45000D0B56 /* WatchApp */,
				C73CE92D246FCF4C000D0B56 /* WatchApp Extension */,
			);
		};
/* End PBXProject section */

/* Begin PBXResourcesBuildPhase section */
		C712363023CF6A24009444FC /* Resources */ = {
			isa = PBXResourcesBuildPhase;
			buildActionMask = 2147483647;
			files = (
				C712364223CF6A28009444FC /* LaunchScreen.storyboard in Resources */,
				C712363F23CF6A28009444FC /* Assets.xcassets in Resources */,
				C712366A23CF6BA9009444FC /* LexendDeca-Regular.ttf in Resources */,
				C728A1B723E4B1380037F18D /* SC2.png in Resources */,
				C728A1B823E4B1380037F18D /* SC1.png in Resources */,
				C712363D23CF6A24009444FC /* Main.storyboard in Resources */,
			);
			runOnlyForDeploymentPostprocessing = 0;
		};
		C712364623CF6A28009444FC /* Resources */ = {
			isa = PBXResourcesBuildPhase;
			buildActionMask = 2147483647;
			files = (
			);
			runOnlyForDeploymentPostprocessing = 0;
		};
		C712365123CF6A28009444FC /* Resources */ = {
			isa = PBXResourcesBuildPhase;
			buildActionMask = 2147483647;
			files = (
			);
			runOnlyForDeploymentPostprocessing = 0;
		};
		C73CE920246FCF45000D0B56 /* Resources */ = {
			isa = PBXResourcesBuildPhase;
			buildActionMask = 2147483647;
			files = (
				C73CE928246FCF4C000D0B56 /* Assets.xcassets in Resources */,
				C73CE948246FECC1000D0B56 /* LexendDeca-Regular.ttf in Resources */,
				C73CE926246FCF45000D0B56 /* Interface.storyboard in Resources */,
			);
			runOnlyForDeploymentPostprocessing = 0;
		};
		C73CE92C246FCF4C000D0B56 /* Resources */ = {
			isa = PBXResourcesBuildPhase;
			buildActionMask = 2147483647;
			files = (
				C73CE949246FECC1000D0B56 /* LexendDeca-Regular.ttf in Resources */,
				C73CE938246FCF4F000D0B56 /* Assets.xcassets in Resources */,
			);
			runOnlyForDeploymentPostprocessing = 0;
		};
/* End PBXResourcesBuildPhase section */

/* Begin PBXSourcesBuildPhase section */
		C712362E23CF6A24009444FC /* Sources */ = {
			isa = PBXSourcesBuildPhase;
			buildActionMask = 2147483647;
			files = (
				C712363A23CF6A24009444FC /* ViewController.swift in Sources */,
				C712366623CF6A7B009444FC /* TTTBrain.swift in Sources */,
				C712363623CF6A24009444FC /* AppDelegate.swift in Sources */,
				C712363823CF6A24009444FC /* SceneDelegate.swift in Sources */,
				C712366823CF6B71009444FC /* Customizables.swift in Sources */,
				C758493C244531F1007F3A22 /* UIButtonExtension.swift in Sources */,
			);
			runOnlyForDeploymentPostprocessing = 0;
		};
		C712364423CF6A28009444FC /* Sources */ = {
			isa = PBXSourcesBuildPhase;
			buildActionMask = 2147483647;
			files = (
				C712364D23CF6A28009444FC /* TicTackyToeTests.swift in Sources */,
			);
			runOnlyForDeploymentPostprocessing = 0;
		};
		C712364F23CF6A28009444FC /* Sources */ = {
			isa = PBXSourcesBuildPhase;
			buildActionMask = 2147483647;
			files = (
				C712365823CF6A28009444FC /* TicTackyToeUITests.swift in Sources */,
			);
			runOnlyForDeploymentPostprocessing = 0;
		};
		C73CE92A246FCF4C000D0B56 /* Sources */ = {
			isa = PBXSourcesBuildPhase;
			buildActionMask = 2147483647;
			files = (
				C73CE936246FCF4D000D0B56 /* ExtensionDelegate.swift in Sources */,
				C73CE946246FDA26000D0B56 /* TTTBrain.swift in Sources */,
				C73CE934246FCF4C000D0B56 /* InterfaceController.swift in Sources */,
			);
			runOnlyForDeploymentPostprocessing = 0;
		};
/* End PBXSourcesBuildPhase section */

/* Begin PBXTargetDependency section */
		C712364A23CF6A28009444FC /* PBXTargetDependency */ = {
			isa = PBXTargetDependency;
			target = C712363123CF6A24009444FC /* TicTackyToe */;
			targetProxy = C712364923CF6A28009444FC /* PBXContainerItemProxy */;
		};
		C712365523CF6A28009444FC /* PBXTargetDependency */ = {
			isa = PBXTargetDependency;
			target = C712363123CF6A24009444FC /* TicTackyToe */;
			targetProxy = C712365423CF6A28009444FC /* PBXContainerItemProxy */;
		};
		C73CE931246FCF4C000D0B56 /* PBXTargetDependency */ = {
			isa = PBXTargetDependency;
			target = C73CE92D246FCF4C000D0B56 /* WatchApp Extension */;
			targetProxy = C73CE930246FCF4C000D0B56 /* PBXContainerItemProxy */;
		};
		C73CE93B246FCF4F000D0B56 /* PBXTargetDependency */ = {
			isa = PBXTargetDependency;
			platformFilter = ios;
			target = C73CE921246FCF45000D0B56 /* WatchApp */;
			targetProxy = C73CE93A246FCF4F000D0B56 /* PBXContainerItemProxy */;
		};
/* End PBXTargetDependency section */

/* Begin PBXVariantGroup section */
		C712363B23CF6A24009444FC /* Main.storyboard */ = {
			isa = PBXVariantGroup;
			children = (
				C712363C23CF6A24009444FC /* Base */,
			);
			name = Main.storyboard;
			sourceTree = "<group>";
		};
		C712364023CF6A28009444FC /* LaunchScreen.storyboard */ = {
			isa = PBXVariantGroup;
			children = (
				C712364123CF6A28009444FC /* Base */,
			);
			name = LaunchScreen.storyboard;
			sourceTree = "<group>";
		};
		C73CE924246FCF45000D0B56 /* Interface.storyboard */ = {
			isa = PBXVariantGroup;
			children = (
				C73CE925246FCF45000D0B56 /* Base */,
			);
			name = Interface.storyboard;
			sourceTree = "<group>";
		};
/* End PBXVariantGroup section */

/* Begin XCBuildConfiguration section */
		C712365A23CF6A28009444FC /* Debug */ = {
			isa = XCBuildConfiguration;
			buildSettings = {
				ALWAYS_SEARCH_USER_PATHS = NO;
				CLANG_ANALYZER_NONNULL = YES;
				CLANG_ANALYZER_NUMBER_OBJECT_CONVERSION = YES_AGGRESSIVE;
				CLANG_CXX_LANGUAGE_STANDARD = "gnu++14";
				CLANG_CXX_LIBRARY = "libc++";
				CLANG_ENABLE_MODULES = YES;
				CLANG_ENABLE_OBJC_ARC = YES;
				CLANG_ENABLE_OBJC_WEAK = YES;
				CLANG_WARN_BLOCK_CAPTURE_AUTORELEASING = YES;
				CLANG_WARN_BOOL_CONVERSION = YES;
				CLANG_WARN_COMMA = YES;
				CLANG_WARN_CONSTANT_CONVERSION = YES;
				CLANG_WARN_DEPRECATED_OBJC_IMPLEMENTATIONS = YES;
				CLANG_WARN_DIRECT_OBJC_ISA_USAGE = YES_ERROR;
				CLANG_WARN_DOCUMENTATION_COMMENTS = YES;
				CLANG_WARN_EMPTY_BODY = YES;
				CLANG_WARN_ENUM_CONVERSION = YES;
				CLANG_WARN_INFINITE_RECURSION = YES;
				CLANG_WARN_INT_CONVERSION = YES;
				CLANG_WARN_NON_LITERAL_NULL_CONVERSION = YES;
				CLANG_WARN_OBJC_IMPLICIT_RETAIN_SELF = YES;
				CLANG_WARN_OBJC_LITERAL_CONVERSION = YES;
				CLANG_WARN_OBJC_ROOT_CLASS = YES_ERROR;
				CLANG_WARN_RANGE_LOOP_ANALYSIS = YES;
				CLANG_WARN_STRICT_PROTOTYPES = YES;
				CLANG_WARN_SUSPICIOUS_MOVE = YES;
				CLANG_WARN_UNGUARDED_AVAILABILITY = YES_AGGRESSIVE;
				CLANG_WARN_UNREACHABLE_CODE = YES;
				CLANG_WARN__DUPLICATE_METHOD_MATCH = YES;
				COPY_PHASE_STRIP = NO;
				DEBUG_INFORMATION_FORMAT = dwarf;
				ENABLE_STRICT_OBJC_MSGSEND = YES;
				ENABLE_TESTABILITY = YES;
				GCC_C_LANGUAGE_STANDARD = gnu11;
				GCC_DYNAMIC_NO_PIC = NO;
				GCC_NO_COMMON_BLOCKS = YES;
				GCC_OPTIMIZATION_LEVEL = 0;
				GCC_PREPROCESSOR_DEFINITIONS = (
					"DEBUG=1",
					"$(inherited)",
				);
				GCC_WARN_64_TO_32_BIT_CONVERSION = YES;
				GCC_WARN_ABOUT_RETURN_TYPE = YES_ERROR;
				GCC_WARN_UNDECLARED_SELECTOR = YES;
				GCC_WARN_UNINITIALIZED_AUTOS = YES_AGGRESSIVE;
				GCC_WARN_UNUSED_FUNCTION = YES;
				GCC_WARN_UNUSED_VARIABLE = YES;
				IPHONEOS_DEPLOYMENT_TARGET = 13.1;
				MTL_ENABLE_DEBUG_INFO = INCLUDE_SOURCE;
				MTL_FAST_MATH = YES;
				ONLY_ACTIVE_ARCH = YES;
				SDKROOT = iphoneos;
				SWIFT_ACTIVE_COMPILATION_CONDITIONS = DEBUG;
				SWIFT_OPTIMIZATION_LEVEL = "-Onone";
			};
			name = Debug;
		};
		C712365B23CF6A28009444FC /* Release */ = {
			isa = XCBuildConfiguration;
			buildSettings = {
				ALWAYS_SEARCH_USER_PATHS = NO;
				CLANG_ANALYZER_NONNULL = YES;
				CLANG_ANALYZER_NUMBER_OBJECT_CONVERSION = YES_AGGRESSIVE;
				CLANG_CXX_LANGUAGE_STANDARD = "gnu++14";
				CLANG_CXX_LIBRARY = "libc++";
				CLANG_ENABLE_MODULES = YES;
				CLANG_ENABLE_OBJC_ARC = YES;
				CLANG_ENABLE_OBJC_WEAK = YES;
				CLANG_WARN_BLOCK_CAPTURE_AUTORELEASING = YES;
				CLANG_WARN_BOOL_CONVERSION = YES;
				CLANG_WARN_COMMA = YES;
				CLANG_WARN_CONSTANT_CONVERSION = YES;
				CLANG_WARN_DEPRECATED_OBJC_IMPLEMENTATIONS = YES;
				CLANG_WARN_DIRECT_OBJC_ISA_USAGE = YES_ERROR;
				CLANG_WARN_DOCUMENTATION_COMMENTS = YES;
				CLANG_WARN_EMPTY_BODY = YES;
				CLANG_WARN_ENUM_CONVERSION = YES;
				CLANG_WARN_INFINITE_RECURSION = YES;
				CLANG_WARN_INT_CONVERSION = YES;
				CLANG_WARN_NON_LITERAL_NULL_CONVERSION = YES;
				CLANG_WARN_OBJC_IMPLICIT_RETAIN_SELF = YES;
				CLANG_WARN_OBJC_LITERAL_CONVERSION = YES;
				CLANG_WARN_OBJC_ROOT_CLASS = YES_ERROR;
				CLANG_WARN_RANGE_LOOP_ANALYSIS = YES;
				CLANG_WARN_STRICT_PROTOTYPES = YES;
				CLANG_WARN_SUSPICIOUS_MOVE = YES;
				CLANG_WARN_UNGUARDED_AVAILABILITY = YES_AGGRESSIVE;
				CLANG_WARN_UNREACHABLE_CODE = YES;
				CLANG_WARN__DUPLICATE_METHOD_MATCH = YES;
				COPY_PHASE_STRIP = NO;
				DEBUG_INFORMATION_FORMAT = "dwarf-with-dsym";
				ENABLE_NS_ASSERTIONS = NO;
				ENABLE_STRICT_OBJC_MSGSEND = YES;
				GCC_C_LANGUAGE_STANDARD = gnu11;
				GCC_NO_COMMON_BLOCKS = YES;
				GCC_WARN_64_TO_32_BIT_CONVERSION = YES;
				GCC_WARN_ABOUT_RETURN_TYPE = YES_ERROR;
				GCC_WARN_UNDECLARED_SELECTOR = YES;
				GCC_WARN_UNINITIALIZED_AUTOS = YES_AGGRESSIVE;
				GCC_WARN_UNUSED_FUNCTION = YES;
				GCC_WARN_UNUSED_VARIABLE = YES;
				IPHONEOS_DEPLOYMENT_TARGET = 13.1;
				MTL_ENABLE_DEBUG_INFO = NO;
				MTL_FAST_MATH = YES;
				SDKROOT = iphoneos;
				SWIFT_COMPILATION_MODE = wholemodule;
				SWIFT_OPTIMIZATION_LEVEL = "-O";
				VALIDATE_PRODUCT = YES;
			};
			name = Release;
		};
		C712365D23CF6A28009444FC /* Debug */ = {
			isa = XCBuildConfiguration;
			buildSettings = {
				ASSETCATALOG_COMPILER_APPICON_NAME = AppIcon;
				CODE_SIGN_ENTITLEMENTS = TicTackyToe/TicTackyToe.entitlements;
				CODE_SIGN_STYLE = Automatic;
				CURRENT_PROJECT_VERSION = 2;
				DEVELOPMENT_TEAM = 32F8FK43RT;
				INFOPLIST_FILE = TicTackyToe/Info.plist;
				LD_RUNPATH_SEARCH_PATHS = (
					"$(inherited)",
					"@executable_path/Frameworks",
				);
				MARKETING_VERSION = 1.1;
				PRODUCT_BUNDLE_IDENTIFIER = com.aradik.TicTackyToe;
				PRODUCT_NAME = "$(TARGET_NAME)";
				SUPPORTS_MACCATALYST = YES;
				SWIFT_VERSION = 5.0;
				TARGETED_DEVICE_FAMILY = "1,2";
			};
			name = Debug;
		};
		C712365E23CF6A28009444FC /* Release */ = {
			isa = XCBuildConfiguration;
			buildSettings = {
				ASSETCATALOG_COMPILER_APPICON_NAME = AppIcon;
				CODE_SIGN_ENTITLEMENTS = TicTackyToe/TicTackyToe.entitlements;
				CODE_SIGN_STYLE = Automatic;
				CURRENT_PROJECT_VERSION = 2;
				DEVELOPMENT_TEAM = 32F8FK43RT;
				INFOPLIST_FILE = TicTackyToe/Info.plist;
				LD_RUNPATH_SEARCH_PATHS = (
					"$(inherited)",
					"@executable_path/Frameworks",
				);
				MARKETING_VERSION = 1.1;
				PRODUCT_BUNDLE_IDENTIFIER = com.aradik.TicTackyToe;
				PRODUCT_NAME = "$(TARGET_NAME)";
				SUPPORTS_MACCATALYST = YES;
				SWIFT_VERSION = 5.0;
				TARGETED_DEVICE_FAMILY = "1,2";
			};
			name = Release;
		};
		C712366023CF6A28009444FC /* Debug */ = {
			isa = XCBuildConfiguration;
			buildSettings = {
				ALWAYS_EMBED_SWIFT_STANDARD_LIBRARIES = YES;
				BUNDLE_LOADER = "$(TEST_HOST)";
				CODE_SIGN_STYLE = Automatic;
				DEVELOPMENT_TEAM = 2557GG3JCA;
				INFOPLIST_FILE = TicTackyToeTests/Info.plist;
				IPHONEOS_DEPLOYMENT_TARGET = 13.2;
				LD_RUNPATH_SEARCH_PATHS = (
					"$(inherited)",
					"@executable_path/Frameworks",
					"@loader_path/Frameworks",
				);
				PRODUCT_BUNDLE_IDENTIFIER = com.ajradik.TicTackyToeTests;
				PRODUCT_NAME = "$(TARGET_NAME)";
				SWIFT_VERSION = 5.0;
				TARGETED_DEVICE_FAMILY = "1,2";
				TEST_HOST = "$(BUILT_PRODUCTS_DIR)/TicTackyToe.app/TicTackyToe";
			};
			name = Debug;
		};
		C712366123CF6A28009444FC /* Release */ = {
			isa = XCBuildConfiguration;
			buildSettings = {
				ALWAYS_EMBED_SWIFT_STANDARD_LIBRARIES = YES;
				BUNDLE_LOADER = "$(TEST_HOST)";
				CODE_SIGN_STYLE = Automatic;
				DEVELOPMENT_TEAM = 2557GG3JCA;
				INFOPLIST_FILE = TicTackyToeTests/Info.plist;
				IPHONEOS_DEPLOYMENT_TARGET = 13.2;
				LD_RUNPATH_SEARCH_PATHS = (
					"$(inherited)",
					"@executable_path/Frameworks",
					"@loader_path/Frameworks",
				);
				PRODUCT_BUNDLE_IDENTIFIER = com.ajradik.TicTackyToeTests;
				PRODUCT_NAME = "$(TARGET_NAME)";
				SWIFT_VERSION = 5.0;
				TARGETED_DEVICE_FAMILY = "1,2";
				TEST_HOST = "$(BUILT_PRODUCTS_DIR)/TicTackyToe.app/TicTackyToe";
			};
			name = Release;
		};
		C712366323CF6A28009444FC /* Debug */ = {
			isa = XCBuildConfiguration;
			buildSettings = {
				ALWAYS_EMBED_SWIFT_STANDARD_LIBRARIES = YES;
				CODE_SIGN_STYLE = Automatic;
				DEVELOPMENT_TEAM = 2557GG3JCA;
				INFOPLIST_FILE = TicTackyToeUITests/Info.plist;
				LD_RUNPATH_SEARCH_PATHS = (
					"$(inherited)",
					"@executable_path/Frameworks",
					"@loader_path/Frameworks",
				);
				PRODUCT_BUNDLE_IDENTIFIER = com.ajradik.TicTackyToeUITests;
				PRODUCT_NAME = "$(TARGET_NAME)";
				SWIFT_VERSION = 5.0;
				TARGETED_DEVICE_FAMILY = "1,2";
				TEST_TARGET_NAME = TicTackyToe;
			};
			name = Debug;
		};
		C712366423CF6A28009444FC /* Release */ = {
			isa = XCBuildConfiguration;
			buildSettings = {
				ALWAYS_EMBED_SWIFT_STANDARD_LIBRARIES = YES;
				CODE_SIGN_STYLE = Automatic;
				DEVELOPMENT_TEAM = 2557GG3JCA;
				INFOPLIST_FILE = TicTackyToeUITests/Info.plist;
				LD_RUNPATH_SEARCH_PATHS = (
					"$(inherited)",
					"@executable_path/Frameworks",
					"@loader_path/Frameworks",
				);
				PRODUCT_BUNDLE_IDENTIFIER = com.ajradik.TicTackyToeUITests;
				PRODUCT_NAME = "$(TARGET_NAME)";
				SWIFT_VERSION = 5.0;
				TARGETED_DEVICE_FAMILY = "1,2";
				TEST_TARGET_NAME = TicTackyToe;
			};
			name = Release;
		};
		C73CE93E246FCF4F000D0B56 /* Debug */ = {
			isa = XCBuildConfiguration;
			buildSettings = {
				ALWAYS_EMBED_SWIFT_STANDARD_LIBRARIES = YES;
				ASSETCATALOG_COMPILER_APPICON_NAME = AppIcon;
				CODE_SIGN_STYLE = Automatic;
				DEVELOPMENT_TEAM = 32F8FK43RT;
				IBSC_MODULE = WatchApp_Extension;
				INFOPLIST_FILE = WatchApp/Info.plist;
				MARKETING_VERSION = 1.1;
				PRODUCT_BUNDLE_IDENTIFIER = com.aradik.TicTackyToe.watchkitapp;
				PRODUCT_NAME = "$(TARGET_NAME)";
				SDKROOT = watchos;
				SKIP_INSTALL = YES;
				SWIFT_VERSION = 5.0;
				TARGETED_DEVICE_FAMILY = 4;
				WATCHOS_DEPLOYMENT_TARGET = 6.2;
			};
			name = Debug;
		};
		C73CE93F246FCF4F000D0B56 /* Release */ = {
			isa = XCBuildConfiguration;
			buildSettings = {
				ALWAYS_EMBED_SWIFT_STANDARD_LIBRARIES = YES;
				ASSETCATALOG_COMPILER_APPICON_NAME = AppIcon;
				CODE_SIGN_STYLE = Automatic;
				DEVELOPMENT_TEAM = 32F8FK43RT;
				IBSC_MODULE = WatchApp_Extension;
				INFOPLIST_FILE = WatchApp/Info.plist;
				MARKETING_VERSION = 1.1;
				PRODUCT_BUNDLE_IDENTIFIER = com.aradik.TicTackyToe.watchkitapp;
				PRODUCT_NAME = "$(TARGET_NAME)";
				SDKROOT = watchos;
				SKIP_INSTALL = YES;
				SWIFT_VERSION = 5.0;
				TARGETED_DEVICE_FAMILY = 4;
				WATCHOS_DEPLOYMENT_TARGET = 6.2;
			};
			name = Release;
		};
		C73CE941246FCF4F000D0B56 /* Debug */ = {
			isa = XCBuildConfiguration;
			buildSettings = {
				ASSETCATALOG_COMPILER_COMPLICATION_NAME = Complication;
				CODE_SIGN_STYLE = Automatic;
				DEVELOPMENT_TEAM = 32F8FK43RT;
				INFOPLIST_FILE = "WatchApp Extension/Info.plist";
				LD_RUNPATH_SEARCH_PATHS = (
					"$(inherited)",
					"@executable_path/Frameworks",
					"@executable_path/../../Frameworks",
				);
				MARKETING_VERSION = 1.1;
				PRODUCT_BUNDLE_IDENTIFIER = com.aradik.TicTackyToe.watchkitapp.watchkitextension;
				PRODUCT_NAME = WatchApp;
				SDKROOT = watchos;
				SKIP_INSTALL = YES;
				SWIFT_VERSION = 5.0;
				TARGETED_DEVICE_FAMILY = 4;
				WATCHOS_DEPLOYMENT_TARGET = 6.2;
			};
			name = Debug;
		};
		C73CE942246FCF4F000D0B56 /* Release */ = {
			isa = XCBuildConfiguration;
			buildSettings = {
				ASSETCATALOG_COMPILER_COMPLICATION_NAME = Complication;
				CODE_SIGN_STYLE = Automatic;
				DEVELOPMENT_TEAM = 32F8FK43RT;
				INFOPLIST_FILE = "WatchApp Extension/Info.plist";
				LD_RUNPATH_SEARCH_PATHS = (
					"$(inherited)",
					"@executable_path/Frameworks",
					"@executable_path/../../Frameworks",
				);
				MARKETING_VERSION = 1.1;
				PRODUCT_BUNDLE_IDENTIFIER = com.aradik.TicTackyToe.watchkitapp.watchkitextension;
				PRODUCT_NAME = WatchApp;
				SDKROOT = watchos;
				SKIP_INSTALL = YES;
				SWIFT_VERSION = 5.0;
				TARGETED_DEVICE_FAMILY = 4;
				WATCHOS_DEPLOYMENT_TARGET = 6.2;
			};
			name = Release;
		};
/* End XCBuildConfiguration section */

/* Begin XCConfigurationList section */
		C712362D23CF6A24009444FC /* Build configuration list for PBXProject "TicTackyToe" */ = {
			isa = XCConfigurationList;
			buildConfigurations = (
				C712365A23CF6A28009444FC /* Debug */,
				C712365B23CF6A28009444FC /* Release */,
			);
			defaultConfigurationIsVisible = 0;
			defaultConfigurationName = Release;
		};
		C712365C23CF6A28009444FC /* Build configuration list for PBXNativeTarget "TicTackyToe" */ = {
			isa = XCConfigurationList;
			buildConfigurations = (
				C712365D23CF6A28009444FC /* Debug */,
				C712365E23CF6A28009444FC /* Release */,
			);
			defaultConfigurationIsVisible = 0;
			defaultConfigurationName = Release;
		};
		C712365F23CF6A28009444FC /* Build configuration list for PBXNativeTarget "TicTackyToeTests" */ = {
			isa = XCConfigurationList;
			buildConfigurations = (
				C712366023CF6A28009444FC /* Debug */,
				C712366123CF6A28009444FC /* Release */,
			);
			defaultConfigurationIsVisible = 0;
			defaultConfigurationName = Release;
		};
		C712366223CF6A28009444FC /* Build configuration list for PBXNativeTarget "TicTackyToeUITests" */ = {
			isa = XCConfigurationList;
			buildConfigurations = (
				C712366323CF6A28009444FC /* Debug */,
				C712366423CF6A28009444FC /* Release */,
			);
			defaultConfigurationIsVisible = 0;
			defaultConfigurationName = Release;
		};
		C73CE943246FCF4F000D0B56 /* Build configuration list for PBXNativeTarget "WatchApp Extension" */ = {
			isa = XCConfigurationList;
			buildConfigurations = (
				C73CE941246FCF4F000D0B56 /* Debug */,
				C73CE942246FCF4F000D0B56 /* Release */,
			);
			defaultConfigurationIsVisible = 0;
			defaultConfigurationName = Release;
		};
		C73CE944246FCF4F000D0B56 /* Build configuration list for PBXNativeTarget "WatchApp" */ = {
			isa = XCConfigurationList;
			buildConfigurations = (
				C73CE93E246FCF4F000D0B56 /* Debug */,
				C73CE93F246FCF4F000D0B56 /* Release */,
			);
			defaultConfigurationIsVisible = 0;
			defaultConfigurationName = Release;
		};
/* End XCConfigurationList section */
	};
	rootObject = C712362A23CF6A24009444FC /* Project object */;
}
